{
  "requires": true,
  "lockfileVersion": 1,
  "dependencies": {
    "@ng-bootstrap/ng-bootstrap": {
      "version": "6.0.1",
      "resolved": "https://registry.npmjs.org/@ng-bootstrap/ng-bootstrap/-/ng-bootstrap-6.0.1.tgz",
      "integrity": "sha512-X8eInELESvz330DQ4lYLh/e/6hCbnxPEbcuBU13uEplHeYQO2ClC/VmnOXmop923NICN/YOYEHzm32IkX3jHAA=="
    },
    "angular-calendar": {
      "version": "0.28.5",
      "resolved": "https://registry.npmjs.org/angular-calendar/-/angular-calendar-0.28.5.tgz",
      "integrity": "sha512-RBrqRr5WwlTrVxE/1bBzQTZdGobYB3PlGt/USyMULl1nqU2+YkdX+Wdj3KsuTM90sL8YIBYDaRvRqm3dqvnxkg==",
      "requires": {
        "angular-draggable-droppable": "^4.3.10",
        "angular-resizable-element": "^3.3.0",
        "calendar-utils": "^0.7.0",
        "positioning": "^2.0.1",
        "tslib": "^1.9.0"
      }
    },
    "angular-draggable-droppable": {
      "version": "4.3.10",
      "resolved": "https://registry.npmjs.org/angular-draggable-droppable/-/angular-draggable-droppable-4.3.10.tgz",
      "integrity": "sha512-T/s+xtmBsTgvVnxx+sWugi/dFqmIZftg859JeBtVK+JNgsd0DmBHNu03a3FZ6jl1PuJKncnCwHgRIGNdki12Tg==",
      "requires": {
        "dom-autoscroller": "^2.3.4",
        "tslib": "^1.9.0"
      }
    },
    "angular-resizable-element": {
      "version": "3.3.0",
      "resolved": "https://registry.npmjs.org/angular-resizable-element/-/angular-resizable-element-3.3.0.tgz",
      "integrity": "sha512-rnyeT2/kdJcDzkSAYCecjiBtP75WMI8TF2a63pRSIFWbE3x3kTZmnhIDxW+RFqIlg+MyHfRFXYiGBhjzgkvb+Q==",
      "requires": {
        "tslib": "^1.9.0"
      }
    },
    "angularx-flatpickr": {
      "version": "6.3.1",
      "resolved": "https://registry.npmjs.org/angularx-flatpickr/-/angularx-flatpickr-6.3.1.tgz",
      "integrity": "sha512-oHFVE6StUTNgx88ZKTVjayHRN/yxjbc+kqU2uyEg7wF2JPY72ohzhmITGRdGlPdBwtCRaR276KUC59kdBKS2+Q==",
      "requires": {
        "tslib": "^1.9.0"
      }
    },
    "animation-frame-polyfill": {
      "version": "1.0.1",
      "resolved": "https://registry.npmjs.org/animation-frame-polyfill/-/animation-frame-polyfill-1.0.1.tgz",
      "integrity": "sha1-X1rZk6eHlL0Xas3lttzmKGdBDJ0="
    },
    "array-from": {
      "version": "2.1.1",
      "resolved": "https://registry.npmjs.org/array-from/-/array-from-2.1.1.tgz",
      "integrity": "sha1-z+nYwmYoudxa7MYqn12PHzUsEZU="
    },
    "calendar-utils": {
      "version": "0.7.0",
      "resolved": "https://registry.npmjs.org/calendar-utils/-/calendar-utils-0.7.0.tgz",
      "integrity": "sha512-C2hEpXxqQupt9bckAlD8uVpLSBKWmD7rFeEWvd9/LhjbNzx4QVNtHtBcGNWcKV/n6Gz09OhgqsFVKn0oW0vi6A=="
    },
    "create-point-cb": {
      "version": "1.2.0",
      "resolved": "https://registry.npmjs.org/create-point-cb/-/create-point-cb-1.2.0.tgz",
      "integrity": "sha1-G85H/E/AGFXuEhONZ2sMsqfLznE=",
      "requires": {
        "type-func": "^1.0.1"
      }
    },
    "dom-autoscroller": {
      "version": "2.3.4",
      "resolved": "https://registry.npmjs.org/dom-autoscroller/-/dom-autoscroller-2.3.4.tgz",
      "integrity": "sha512-HcAdt/2Dq9x4CG6LWXc2x9Iq0MJPAu8fuzHncclq7byufqYEYVtx9sZ/dyzR+gdj4qwEC9p27Lw1G2HRRYX6jQ==",
      "requires": {
        "animation-frame-polyfill": "^1.0.0",
        "create-point-cb": "^1.0.0",
        "dom-mousemove-dispatcher": "^1.0.1",
        "dom-plane": "^1.0.1",
        "dom-set": "^1.0.1",
        "type-func": "^1.0.1"
      }
    },
    "dom-mousemove-dispatcher": {
      "version": "1.0.1",
      "resolved": "https://registry.npmjs.org/dom-mousemove-dispatcher/-/dom-mousemove-dispatcher-1.0.1.tgz",
      "integrity": "sha1-okpt35Oye7NpT3IIdUalf8fpFA8="
    },
    "dom-plane": {
      "version": "1.0.2",
      "resolved": "https://registry.npmjs.org/dom-plane/-/dom-plane-1.0.2.tgz",
      "integrity": "sha1-+MheaXxYfxR+j8L6wd4HjB/kFyw=",
      "requires": {
        "create-point-cb": "^1.0.0"
      }
    },
    "dom-set": {
      "version": "1.1.1",
      "resolved": "https://registry.npmjs.org/dom-set/-/dom-set-1.1.1.tgz",
      "integrity": "sha1-XCxhDuSDm1IO1fmN28vjFMD6lUo=",
      "requires": {
        "array-from": "^2.1.1",
        "is-array": "^1.0.1",
        "iselement": "^1.1.4"
      }
    },
    "is-array": {
      "version": "1.0.1",
      "resolved": "https://registry.npmjs.org/is-array/-/is-array-1.0.1.tgz",
      "integrity": "sha1-6YUMwsyGDDvAl36EzPDdRkWEJ5o="
    },
    "iselement": {
      "version": "1.1.4",
      "resolved": "https://registry.npmjs.org/iselement/-/iselement-1.1.4.tgz",
      "integrity": "sha1-flW1Ko68pQp+LoDluNKEDzI1MUY="
    },
    "positioning": {
      "version": "2.0.1",
      "resolved": "https://registry.npmjs.org/positioning/-/positioning-2.0.1.tgz",
      "integrity": "sha512-DsAgM42kV/ObuwlRpAzDTjH9E8fGKkMDJHWFX+kfNXSxh7UCCQxEmdjv/Ws5Ft1XDnt3JT8fIDYeKNSE2TbttA=="
    },
    "tslib": {
      "version": "1.11.1",
      "resolved": "https://registry.npmjs.org/tslib/-/tslib-1.11.1.tgz",
      "integrity": "sha512-aZW88SY8kQbU7gpV19lN24LtXh/yD4ZZg6qieAJDDg+YBsJcSmLGK9QpnUjAKVG/xefmvJGd1WUmfpT/g6AJGA=="
    },
    "type-func": {
      "version": "1.0.3",
      "resolved": "https://registry.npmjs.org/type-func/-/type-func-1.0.3.tgz",
      "integrity": "sha1-qxhCNK6A2NUAV87+/zstl9CK6bA="
    }
  }
}
